
Microsoft Visual Studio Solution File, Format Version 12.00
# Visual Studio Version 16
VisualStudioVersion = 16.0.28803.202
MinimumVisualStudioVersion = 10.0.40219.1
Project("{FAE04EC0-301F-11D3-BF4B-00C04F79EFBC}") = "MovieRental", "MovieRental\MovieRental.csproj", "{CC36774F-DB83-464A-81B8-B6DBAFA97143}"
EndProject
Global
	GlobalSection(SolutionConfigurationPlatforms) = preSolution
		Debug|Any CPU = Debug|Any CPU
		Release|Any CPU = Release|Any CPU
	EndGlobalSection
	GlobalSection(ProjectConfigurationPlatforms) = postSolution
		{CC36774F-DB83-464A-81B8-B6DBAFA97143}.Debug|Any CPU.ActiveCfg = Debug|Any CPU
		{CC36774F-DB83-464A-81B8-B6DBAFA97143}.Debug|Any CPU.Build.0 = Debug|Any CPU
		{CC36774F-DB83-464A-81B8-B6DBAFA97143}.Release|Any CPU.ActiveCfg = Release|Any CPU
		{CC36774F-DB83-464A-81B8-B6DBAFA97143}.Release|Any CPU.Build.0 = Release|Any CPU
	EndGlobalSection
	GlobalSection(SolutionProperties) = preSolution
		HideSolutionNode = FALSE
	EndGlobalSection
	GlobalSection(ExtensibilityGlobals) = postSolution
		SolutionGuid = {142E5BFB-A800-4C68-83E6-87FB302B322B}
	EndGlobalSection
EndGlobal
